
Microsoft Visual Studio Solution File, Format Version 12.00
# Visual Studio Version 17
VisualStudioVersion = 17.8.34309.116
MinimumVisualStudioVersion = 10.0.40219.1
Project("{FAE04EC0-301F-11D3-BF4B-00C04F79EFBC}") = "CloudStorageGoogleDriveAPI.API", "CloudStorageGoogleDriveAPI.API\CloudStorageGoogleDriveAPI.API.csproj", "{9E47792E-FFBF-4F14-9B94-F00334319809}"
EndProject
Project("{FAE04EC0-301F-11D3-BF4B-00C04F79EFBC}") = "CloudStorageGoogleDriveAPI.Application", "CloudStorageGoogleDriveAPI.Application\CloudStorageGoogleDriveAPI.Application.csproj", "{DDC3DFDE-6FA2-4C61-8BDD-AFAD861F26DD}"
EndProject
Project("{FAE04EC0-301F-11D3-BF4B-00C04F79EFBC}") = "CloudStorageGoogleDriveAPI.Infrastructure", "CloudStorageGoogleDriveAPI.Infrastructure\CloudStorageGoogleDriveAPI.Infrastructure.csproj", "{CD823B2B-A818-441F-8DFB-F7A7321C3CCD}"
EndProject
Project("{FAE04EC0-301F-11D3-BF4B-00C04F79EFBC}") = "CloudStorageGoogleDriveAPI.Domain", "CloudStorageGoogleDriveAPI.Domain\CloudStorageGoogleDriveAPI.Domain.csproj", "{26DDD46A-3F65-49BE-AED1-3E5114F2DC27}"
EndProject
Global
	GlobalSection(SolutionConfigurationPlatforms) = preSolution
		Debug|Any CPU = Debug|Any CPU
		Release|Any CPU = Release|Any CPU
	EndGlobalSection
	GlobalSection(ProjectConfigurationPlatforms) = postSolution
		{9E47792E-FFBF-4F14-9B94-F00334319809}.Debug|Any CPU.ActiveCfg = Debug|Any CPU
		{9E47792E-FFBF-4F14-9B94-F00334319809}.Debug|Any CPU.Build.0 = Debug|Any CPU
		{9E47792E-FFBF-4F14-9B94-F00334319809}.Release|Any CPU.ActiveCfg = Release|Any CPU
		{9E47792E-FFBF-4F14-9B94-F00334319809}.Release|Any CPU.Build.0 = Release|Any CPU
		{DDC3DFDE-6FA2-4C61-8BDD-AFAD861F26DD}.Debug|Any CPU.ActiveCfg = Debug|Any CPU
		{DDC3DFDE-6FA2-4C61-8BDD-AFAD861F26DD}.Debug|Any CPU.Build.0 = Debug|Any CPU
		{DDC3DFDE-6FA2-4C61-8BDD-AFAD861F26DD}.Release|Any CPU.ActiveCfg = Release|Any CPU
		{DDC3DFDE-6FA2-4C61-8BDD-AFAD861F26DD}.Release|Any CPU.Build.0 = Release|Any CPU
		{CD823B2B-A818-441F-8DFB-F7A7321C3CCD}.Debug|Any CPU.ActiveCfg = Debug|Any CPU
		{CD823B2B-A818-441F-8DFB-F7A7321C3CCD}.Debug|Any CPU.Build.0 = Debug|Any CPU
		{CD823B2B-A818-441F-8DFB-F7A7321C3CCD}.Release|Any CPU.ActiveCfg = Release|Any CPU
		{CD823B2B-A818-441F-8DFB-F7A7321C3CCD}.Release|Any CPU.Build.0 = Release|Any CPU
		{26DDD46A-3F65-49BE-AED1-3E5114F2DC27}.Debug|Any CPU.ActiveCfg = Debug|Any CPU
		{26DDD46A-3F65-49BE-AED1-3E5114F2DC27}.Debug|Any CPU.Build.0 = Debug|Any CPU
		{26DDD46A-3F65-49BE-AED1-3E5114F2DC27}.Release|Any CPU.ActiveCfg = Release|Any CPU
		{26DDD46A-3F65-49BE-AED1-3E5114F2DC27}.Release|Any CPU.Build.0 = Release|Any CPU
	EndGlobalSection
	GlobalSection(SolutionProperties) = preSolution
		HideSolutionNode = FALSE
	EndGlobalSection
	GlobalSection(ExtensibilityGlobals) = postSolution
		SolutionGuid = {982B0788-043E-4BC7-92A9-6D1EA7110B6E}
	EndGlobalSection
EndGlobal
